
Microsoft Visual Studio Solution File, Format Version 12.00
# Visual Studio Version 16
VisualStudioVersion = 16.0.30907.101
MinimumVisualStudioVersion = 10.0.40219.1
Project("{FAE04EC0-301F-11D3-BF4B-00C04F79EFBC}") = "ApproximateOptimization", "ApproximateOptimization\ApproximateOptimization.csproj", "{0570CB5E-25C8-4C71-87EB-FEDB389E1122}"
EndProject
Project("{FAE04EC0-301F-11D3-BF4B-00C04F79EFBC}") = "ApproximateOptimization.Tests", "ApproximateOptimization.Tests\ApproximateOptimization.Tests.csproj", "{02051BDB-E86A-4364-B78A-BB2B74A2A32F}"
EndProject
Global
	GlobalSection(SolutionConfigurationPlatforms) = preSolution
		Debug|Any CPU = Debug|Any CPU
		Release|Any CPU = Release|Any CPU
	EndGlobalSection
	GlobalSection(ProjectConfigurationPlatforms) = postSolution
		{0570CB5E-25C8-4C71-87EB-FEDB389E1122}.Debug|Any CPU.ActiveCfg = Debug|Any CPU
		{0570CB5E-25C8-4C71-87EB-FEDB389E1122}.Debug|Any CPU.Build.0 = Debug|Any CPU
		{0570CB5E-25C8-4C71-87EB-FEDB389E1122}.Release|Any CPU.ActiveCfg = Release|Any CPU
		{0570CB5E-25C8-4C71-87EB-FEDB389E1122}.Release|Any CPU.Build.0 = Release|Any CPU
		{02051BDB-E86A-4364-B78A-BB2B74A2A32F}.Debug|Any CPU.ActiveCfg = Debug|Any CPU
		{02051BDB-E86A-4364-B78A-BB2B74A2A32F}.Debug|Any CPU.Build.0 = Debug|Any CPU
		{02051BDB-E86A-4364-B78A-BB2B74A2A32F}.Release|Any CPU.ActiveCfg = Release|Any CPU
		{02051BDB-E86A-4364-B78A-BB2B74A2A32F}.Release|Any CPU.Build.0 = Release|Any CPU
	EndGlobalSection
	GlobalSection(SolutionProperties) = preSolution
		HideSolutionNode = FALSE
	EndGlobalSection
	GlobalSection(ExtensibilityGlobals) = postSolution
		SolutionGuid = {23C63A3C-7BE9-422C-882D-68A8A4B93521}
	EndGlobalSection
EndGlobal
